// !$*UTF8*$!
{
	archiveVersion = 1;
	classes = {
	};
	objectVersion = 56;
	objects = {

/* Begin PBXBuildFile section */
		5AD7DF270C4A493DD3840503 /* Pods_testui.framework in Frameworks */ = {isa = PBXBuildFile; fileRef = D1ED94B50AAE46D903CF4B75 /* Pods_testui.framework */; };
		5F753B786B63CB7216911FEF /* Pods_testui.framework in Frameworks */ = {isa = PBXBuildFile; fileRef = 81F330CA5FCAE5544E468C1B /* Pods_testui.framework */; };
		9F046DBB2BA3EA400075D299 /* testui.h in Headers */ = {isa = PBXBuildFile; fileRef = 9F046DBA2BA3EA400075D299 /* testui.h */; settings = {ATTRIBUTES = (Public, ); }; };
		9F046DC22BA3EAFA0075D299 /* TestUIObject.swift in Sources */ = {isa = PBXBuildFile; fileRef = 9F046DC12BA3EAFA0075D299 /* TestUIObject.swift */; };
		9F046E042BA3F8DA0075D299 /* LibMain.storyboard in Resources */ = {isa = PBXBuildFile; fileRef = 9F046DEF2BA3F8DA0075D299 /* LibMain.storyboard */; };
		9F046E052BA3F8DA0075D299 /* alycenet.tflite in Resources */ = {isa = PBXBuildFile; fileRef = 9F046DF02BA3F8DA0075D299 /* alycenet.tflite */; };
		9F046E062BA3F8DA0075D299 /* alycenet_light.tflite in Resources */ = {isa = PBXBuildFile; fileRef = 9F046DF12BA3F8DA0075D299 /* alycenet_light.tflite */; };
		9F046E072BA3F8DA0075D299 /* OverlayView.swift in Sources */ = {isa = PBXBuildFile; fileRef = 9F046DF42BA3F8DA0075D299 /* OverlayView.swift */; };
		9F046E082BA3F8DA0075D299 /* CameraFeedManager.swift in Sources */ = {isa = PBXBuildFile; fileRef = 9F046DF52BA3F8DA0075D299 /* CameraFeedManager.swift */; };
		9F046E092BA3F8DA0075D299 /* SampleViewViewController.swift in Sources */ = {isa = PBXBuildFile; fileRef = 9F046DF62BA3F8DA0075D299 /* SampleViewViewController.swift */; };
		9F046E0A2BA3F8DA0075D299 /* AlyceposeUi.swift in Sources */ = {isa = PBXBuildFile; fileRef = 9F046DF72BA3F8DA0075D299 /* AlyceposeUi.swift */; };
		9F046E0B2BA3F8DA0075D299 /* Data+TFLite.swift in Sources */ = {isa = PBXBuildFile; fileRef = 9F046DF92BA3F8DA0075D299 /* Data+TFLite.swift */; };
		9F046E0C2BA3F8DA0075D299 /* CGSize+TFLite.swift in Sources */ = {isa = PBXBuildFile; fileRef = 9F046DFA2BA3F8DA0075D299 /* CGSize+TFLite.swift */; };
		9F046E0D2BA3F8DA0075D299 /* CVPixelBuffer+TFLite.swift in Sources */ = {isa = PBXBuildFile; fileRef = 9F046DFB2BA3F8DA0075D299 /* CVPixelBuffer+TFLite.swift */; };
		9F046E0E2BA3F8DA0075D299 /* Logger.swift in Sources */ = {isa = PBXBuildFile; fileRef = 9F046DFD2BA3F8DA0075D299 /* Logger.swift */; };
		9F046E0F2BA3F8DA0075D299 /* Visualization.swift in Sources */ = {isa = PBXBuildFile; fileRef = 9F046DFE2BA3F8DA0075D299 /* Visualization.swift */; };
		9F046E102BA3F8DA0075D299 /* PoseData.swift in Sources */ = {isa = PBXBuildFile; fileRef = 9F046E002BA3F8DA0075D299 /* PoseData.swift */; };
		9F046E112BA3F8DA0075D299 /* PoseDetector.swift in Sources */ = {isa = PBXBuildFile; fileRef = 9F046E012BA3F8DA0075D299 /* PoseDetector.swift */; };
		9F046E122BA3F8DA0075D299 /* AlyceNet.swift in Sources */ = {isa = PBXBuildFile; fileRef = 9F046E022BA3F8DA0075D299 /* AlyceNet.swift */; };
		9F046E132BA3F8DA0075D299 /* PoseConfig.swift in Sources */ = {isa = PBXBuildFile; fileRef = 9F046E032BA3F8DA0075D299 /* PoseConfig.swift */; };
		9F046E162BA3F8E20075D299 /* AlycePoseCore.xcframework in Frameworks */ = {isa = PBXBuildFile; fileRef = 9F046E152BA3F8E20075D299 /* AlycePoseCore.xcframework */; };
/* End PBXBuildFile section */

/* Begin PBXFileReference section */
		5B7C664E33EBAB198D8F451B /* Pods-testui.debug.xcconfig */ = {isa = PBXFileReference; includeInIndex = 1; lastKnownFileType = text.xcconfig; name = "Pods-testui.debug.xcconfig"; path = "Target Support Files/Pods-testui/Pods-testui.debug.xcconfig"; sourceTree = "<group>"; };
		81F330CA5FCAE5544E468C1B /* Pods_testui.framework */ = {isa = PBXFileReference; explicitFileType = wrapper.framework; includeInIndex = 0; path = Pods_testui.framework; sourceTree = BUILT_PRODUCTS_DIR; };
		9F046DB72BA3EA400075D299 /* testui.framework */ = {isa = PBXFileReference; explicitFileType = wrapper.framework; includeInIndex = 0; path = testui.framework; sourceTree = BUILT_PRODUCTS_DIR; };
		9F046DBA2BA3EA400075D299 /* testui.h */ = {isa = PBXFileReference; lastKnownFileType = sourcecode.c.h; path = testui.h; sourceTree = "<group>"; };
		9F046DC12BA3EAFA0075D299 /* TestUIObject.swift */ = {isa = PBXFileReference; lastKnownFileType = sourcecode.swift; path = TestUIObject.swift; sourceTree = "<group>"; };
		9F046DEF2BA3F8DA0075D299 /* LibMain.storyboard */ = {isa = PBXFileReference; fileEncoding = 4; lastKnownFileType = file.storyboard; path = LibMain.storyboard; sourceTree = "<group>"; };
		9F046DF02BA3F8DA0075D299 /* alycenet.tflite */ = {isa = PBXFileReference; lastKnownFileType = file; path = alycenet.tflite; sourceTree = "<group>"; };
		9F046DF12BA3F8DA0075D299 /* alycenet_light.tflite */ = {isa = PBXFileReference; lastKnownFileType = file; path = alycenet_light.tflite; sourceTree = "<group>"; };
		9F046DF42BA3F8DA0075D299 /* OverlayView.swift */ = {isa = PBXFileReference; fileEncoding = 4; lastKnownFileType = sourcecode.swift; path = OverlayView.swift; sourceTree = "<group>"; };
		9F046DF52BA3F8DA0075D299 /* CameraFeedManager.swift */ = {isa = PBXFileReference; fileEncoding = 4; lastKnownFileType = sourcecode.swift; path = CameraFeedManager.swift; sourceTree = "<group>"; };
		9F046DF62BA3F8DA0075D299 /* SampleViewViewController.swift */ = {isa = PBXFileReference; fileEncoding = 4; lastKnownFileType = sourcecode.swift; path = SampleViewViewController.swift; sourceTree = "<group>"; };
		9F046DF72BA3F8DA0075D299 /* AlyceposeUi.swift */ = {isa = PBXFileReference; fileEncoding = 4; lastKnownFileType = sourcecode.swift; path = AlyceposeUi.swift; sourceTree = "<group>"; };
		9F046DF92BA3F8DA0075D299 /* Data+TFLite.swift */ = {isa = PBXFileReference; fileEncoding = 4; lastKnownFileType = sourcecode.swift; path = "Data+TFLite.swift"; sourceTree = "<group>"; };
		9F046DFA2BA3F8DA0075D299 /* CGSize+TFLite.swift */ = {isa = PBXFileReference; fileEncoding = 4; lastKnownFileType = sourcecode.swift; path = "CGSize+TFLite.swift"; sourceTree = "<group>"; };
		9F046DFB2BA3F8DA0075D299 /* CVPixelBuffer+TFLite.swift */ = {isa = PBXFileReference; fileEncoding = 4; lastKnownFileType = sourcecode.swift; path = "CVPixelBuffer+TFLite.swift"; sourceTree = "<group>"; };
		9F046DFD2BA3F8DA0075D299 /* Logger.swift */ = {isa = PBXFileReference; fileEncoding = 4; lastKnownFileType = sourcecode.swift; path = Logger.swift; sourceTree = "<group>"; };
		9F046DFE2BA3F8DA0075D299 /* Visualization.swift */ = {isa = PBXFileReference; fileEncoding = 4; lastKnownFileType = sourcecode.swift; path = Visualization.swift; sourceTree = "<group>"; };
		9F046E002BA3F8DA0075D299 /* PoseData.swift */ = {isa = PBXFileReference; fileEncoding = 4; lastKnownFileType = sourcecode.swift; path = PoseData.swift; sourceTree = "<group>"; };
		9F046E012BA3F8DA0075D299 /* PoseDetector.swift */ = {isa = PBXFileReference; fileEncoding = 4; lastKnownFileType = sourcecode.swift; path = PoseDetector.swift; sourceTree = "<group>"; };
		9F046E022BA3F8DA0075D299 /* AlyceNet.swift */ = {isa = PBXFileReference; fileEncoding = 4; lastKnownFileType = sourcecode.swift; path = AlyceNet.swift; sourceTree = "<group>"; };
		9F046E032BA3F8DA0075D299 /* PoseConfig.swift */ = {isa = PBXFileReference; fileEncoding = 4; lastKnownFileType = sourcecode.swift; path = PoseConfig.swift; sourceTree = "<group>"; };
		9F046E152BA3F8E20075D299 /* AlycePoseCore.xcframework */ = {isa = PBXFileReference; lastKnownFileType = wrapper.xcframework; path = AlycePoseCore.xcframework; sourceTree = "<group>"; };
		D1ED94B50AAE46D903CF4B75 /* Pods_testui.framework */ = {isa = PBXFileReference; explicitFileType = wrapper.framework; includeInIndex = 0; path = Pods_testui.framework; sourceTree = BUILT_PRODUCTS_DIR; };
		F58457CEC2DA8F096DCE21E2 /* Pods-testui.release.xcconfig */ = {isa = PBXFileReference; includeInIndex = 1; lastKnownFileType = text.xcconfig; name = "Pods-testui.release.xcconfig"; path = "Target Support Files/Pods-testui/Pods-testui.release.xcconfig"; sourceTree = "<group>"; };
/* End PBXFileReference section */

/* Begin PBXFrameworksBuildPhase section */
		9F046DB42BA3EA400075D299 /* Frameworks */ = {
			isa = PBXFrameworksBuildPhase;
			buildActionMask = 2147483647;
			files = (
				9F046E162BA3F8E20075D299 /* AlycePoseCore.xcframework in Frameworks */,
				5AD7DF270C4A493DD3840503 /* Pods_testui.framework in Frameworks */,
				5F753B786B63CB7216911FEF /* Pods_testui.framework in Frameworks */,
			);
			runOnlyForDeploymentPostprocessing = 0;
		};
/* End PBXFrameworksBuildPhase section */

/* Begin PBXGroup section */
		7C5B680422F4618FAAFE19DD /* Pods */ = {
			isa = PBXGroup;
			children = (
				5B7C664E33EBAB198D8F451B /* Pods-testui.debug.xcconfig */,
				F58457CEC2DA8F096DCE21E2 /* Pods-testui.release.xcconfig */,
			);
			path = Pods;
			sourceTree = "<group>";
		};
		9F046DAD2BA3EA3F0075D299 = {
			isa = PBXGroup;
			children = (
				9F046E142BA3F8E20075D299 /* Frameworks */,
				9F046DED2BA3F8DA0075D299 /* res */,
				9F046DF22BA3F8DA0075D299 /* src */,
				9F046DB92BA3EA400075D299 /* testui */,
				9F046DB82BA3EA400075D299 /* Products */,
				7C5B680422F4618FAAFE19DD /* Pods */,
				D6ACAE81EA9666FBE8937AFF /* Frameworks */,
			);
			sourceTree = "<group>";
		};
		9F046DB82BA3EA400075D299 /* Products */ = {
			isa = PBXGroup;
			children = (
				9F046DB72BA3EA400075D299 /* testui.framework */,
			);
			name = Products;
			sourceTree = "<group>";
		};
		9F046DB92BA3EA400075D299 /* testui */ = {
			isa = PBXGroup;
			children = (
				9F046DBA2BA3EA400075D299 /* testui.h */,
				9F046DC12BA3EAFA0075D299 /* TestUIObject.swift */,
			);
			path = testui;
			sourceTree = "<group>";
		};
		9F046DED2BA3F8DA0075D299 /* res */ = {
			isa = PBXGroup;
			children = (
				9F046DEE2BA3F8DA0075D299 /* storyboards */,
				9F046DF02BA3F8DA0075D299 /* alycenet.tflite */,
				9F046DF12BA3F8DA0075D299 /* alycenet_light.tflite */,
			);
			path = res;
			sourceTree = "<group>";
		};
		9F046DEE2BA3F8DA0075D299 /* storyboards */ = {
			isa = PBXGroup;
			children = (
				9F046DEF2BA3F8DA0075D299 /* LibMain.storyboard */,
			);
			path = storyboards;
			sourceTree = "<group>";
		};
		9F046DF22BA3F8DA0075D299 /* src */ = {
			isa = PBXGroup;
			children = (
				9F046DF32BA3F8DA0075D299 /* ui */,
				9F046DF82BA3F8DA0075D299 /* extension */,
				9F046DFC2BA3F8DA0075D299 /* util */,
				9F046DFF2BA3F8DA0075D299 /* ml */,
			);
			path = src;
			sourceTree = "<group>";
		};
		9F046DF32BA3F8DA0075D299 /* ui */ = {
			isa = PBXGroup;
			children = (
				9F046DF42BA3F8DA0075D299 /* OverlayView.swift */,
				9F046DF52BA3F8DA0075D299 /* CameraFeedManager.swift */,
				9F046DF62BA3F8DA0075D299 /* SampleViewViewController.swift */,
				9F046DF72BA3F8DA0075D299 /* AlyceposeUi.swift */,
			);
			path = ui;
			sourceTree = "<group>";
		};
		9F046DF82BA3F8DA0075D299 /* extension */ = {
			isa = PBXGroup;
			children = (
				9F046DF92BA3F8DA0075D299 /* Data+TFLite.swift */,
				9F046DFA2BA3F8DA0075D299 /* CGSize+TFLite.swift */,
				9F046DFB2BA3F8DA0075D299 /* CVPixelBuffer+TFLite.swift */,
			);
			path = extension;
			sourceTree = "<group>";
		};
		9F046DFC2BA3F8DA0075D299 /* util */ = {
			isa = PBXGroup;
			children = (
				9F046DFD2BA3F8DA0075D299 /* Logger.swift */,
				9F046DFE2BA3F8DA0075D299 /* Visualization.swift */,
			);
			path = util;
			sourceTree = "<group>";
		};
		9F046DFF2BA3F8DA0075D299 /* ml */ = {
			isa = PBXGroup;
			children = (
				9F046E002BA3F8DA0075D299 /* PoseData.swift */,
				9F046E012BA3F8DA0075D299 /* PoseDetector.swift */,
				9F046E022BA3F8DA0075D299 /* AlyceNet.swift */,
				9F046E032BA3F8DA0075D299 /* PoseConfig.swift */,
			);
			path = ml;
			sourceTree = "<group>";
		};
		9F046E142BA3F8E20075D299 /* Frameworks */ = {
			isa = PBXGroup;
			children = (
				9F046E152BA3F8E20075D299 /* AlycePoseCore.xcframework */,
				81F330CA5FCAE5544E468C1B /* Pods_testui.framework */,
			);
			path = Frameworks;
			sourceTree = "<group>";
		};
		D6ACAE81EA9666FBE8937AFF /* Frameworks */ = {
			isa = PBXGroup;
			children = (
				D1ED94B50AAE46D903CF4B75 /* Pods_testui.framework */,
			);
			name = Frameworks;
			sourceTree = "<group>";
		};
/* End PBXGroup section */

/* Begin PBXHeadersBuildPhase section */
		9F046DB22BA3EA400075D299 /* Headers */ = {
			isa = PBXHeadersBuildPhase;
			buildActionMask = 2147483647;
			files = (
				9F046DBB2BA3EA400075D299 /* testui.h in Headers */,
			);
			runOnlyForDeploymentPostprocessing = 0;
		};
/* End PBXHeadersBuildPhase section */

/* Begin PBXNativeTarget section */
		9F046DB62BA3EA400075D299 /* testui */ = {
			isa = PBXNativeTarget;
			buildConfigurationList = 9F046DBE2BA3EA400075D299 /* Build configuration list for PBXNativeTarget "testui" */;
			buildPhases = (
				2387ACB7076A8324252CD9C6 /* [CP] Check Pods Manifest.lock */,
				9F046DB22BA3EA400075D299 /* Headers */,
				9F046DB32BA3EA400075D299 /* Sources */,
				9F046DB42BA3EA400075D299 /* Frameworks */,
				9F046DB52BA3EA400075D299 /* Resources */,
			);
			buildRules = (
			);
			dependencies = (
			);
			name = testui;
			productName = testui;
			productReference = 9F046DB72BA3EA400075D299 /* testui.framework */;
			productType = "com.apple.product-type.framework";
		};
/* End PBXNativeTarget section */

/* Begin PBXProject section */
		9F046DAE2BA3EA3F0075D299 /* Project object */ = {
			isa = PBXProject;
			attributes = {
				BuildIndependentTargetsInParallel = 1;
				LastUpgradeCheck = 1500;
				TargetAttributes = {
					9F046DB62BA3EA400075D299 = {
						CreatedOnToolsVersion = 15.0;
						LastSwiftMigration = 1500;
					};
				};
			};
			buildConfigurationList = 9F046DB12BA3EA3F0075D299 /* Build configuration list for PBXProject "testui" */;
			compatibilityVersion = "Xcode 14.0";
			developmentRegion = en;
			hasScannedForEncodings = 0;
			knownRegions = (
				en,
				Base,
			);
			mainGroup = 9F046DAD2BA3EA3F0075D299;
			productRefGroup = 9F046DB82BA3EA400075D299 /* Products */;
			projectDirPath = "";
			projectRoot = "";
			targets = (
				9F046DB62BA3EA400075D299 /* testui */,
			);
		};
/* End PBXProject section */

/* Begin PBXResourcesBuildPhase section */
		9F046DB52BA3EA400075D299 /* Resources */ = {
			isa = PBXResourcesBuildPhase;
			buildActionMask = 2147483647;
			files = (
				9F046E052BA3F8DA0075D299 /* alycenet.tflite in Resources */,
				9F046E062BA3F8DA0075D299 /* alycenet_light.tflite in Resources */,
				9F046E042BA3F8DA0075D299 /* LibMain.storyboard in Resources */,
			);
			runOnlyForDeploymentPostprocessing = 0;
		};
/* End PBXResourcesBuildPhase section */

/* Begin PBXShellScriptBuildPhase section */
		2387ACB7076A8324252CD9C6 /* [CP] Check Pods Manifest.lock */ = {
			isa = PBXShellScriptBuildPhase;
			buildActionMask = 2147483647;
			files = (
			);
			inputFileListPaths = (
			);
			inputPaths = (
				"${PODS_PODFILE_DIR_PATH}/Podfile.lock",
				"${PODS_ROOT}/Manifest.lock",
			);
			name = "[CP] Check Pods Manifest.lock";
			outputFileListPaths = (
			);
			outputPaths = (
				"$(DERIVED_FILE_DIR)/Pods-testui-checkManifestLockResult.txt",
			);
			runOnlyForDeploymentPostprocessing = 0;
			shellPath = /bin/sh;
			shellScript = "diff \"${PODS_PODFILE_DIR_PATH}/Podfile.lock\" \"${PODS_ROOT}/Manifest.lock\" > /dev/null\nif [ $? != 0 ] ; then\n    # print error to STDERR\n    echo \"error: The sandbox is not in sync with the Podfile.lock. Run 'pod install' or update your CocoaPods installation.\" >&2\n    exit 1\nfi\n# This output is used by Xcode 'outputs' to avoid re-running this script phase.\necho \"SUCCESS\" > \"${SCRIPT_OUTPUT_FILE_0}\"\n";
			showEnvVarsInLog = 0;
		};
/* End PBXShellScriptBuildPhase section */

/* Begin PBXSourcesBuildPhase section */
		9F046DB32BA3EA400075D299 /* Sources */ = {
			isa = PBXSourcesBuildPhase;
			buildActionMask = 2147483647;
			files = (
				9F046E132BA3F8DA0075D299 /* PoseConfig.swift in Sources */,
				9F046E102BA3F8DA0075D299 /* PoseData.swift in Sources */,
				9F046E122BA3F8DA0075D299 /* AlyceNet.swift in Sources */,
				9F046E0A2BA3F8DA0075D299 /* AlyceposeUi.swift in Sources */,
				9F046E0B2BA3F8DA0075D299 /* Data+TFLite.swift in Sources */,
				9F046DC22BA3EAFA0075D299 /* TestUIObject.swift in Sources */,
				9F046E092BA3F8DA0075D299 /* SampleViewViewController.swift in Sources */,
				9F046E0F2BA3F8DA0075D299 /* Visualization.swift in Sources */,
				9F046E112BA3F8DA0075D299 /* PoseDetector.swift in Sources */,
				9F046E0E2BA3F8DA0075D299 /* Logger.swift in Sources */,
				9F046E082BA3F8DA0075D299 /* CameraFeedManager.swift in Sources */,
				9F046E0D2BA3F8DA0075D299 /* CVPixelBuffer+TFLite.swift in Sources */,
				9F046E072BA3F8DA0075D299 /* OverlayView.swift in Sources */,
				9F046E0C2BA3F8DA0075D299 /* CGSize+TFLite.swift in Sources */,
			);
			runOnlyForDeploymentPostprocessing = 0;
		};
/* End PBXSourcesBuildPhase section */

/* Begin XCBuildConfiguration section */
		9F046DBC2BA3EA400075D299 /* Debug */ = {
			isa = XCBuildConfiguration;
			buildSettings = {
				ALWAYS_SEARCH_USER_PATHS = NO;
				ASSETCATALOG_COMPILER_GENERATE_SWIFT_ASSET_SYMBOL_EXTENSIONS = YES;
				CLANG_ANALYZER_NONNULL = YES;
				CLANG_ANALYZER_NUMBER_OBJECT_CONVERSION = YES_AGGRESSIVE;
				CLANG_CXX_LANGUAGE_STANDARD = "gnu++20";
				CLANG_ENABLE_MODULES = YES;
				CLANG_ENABLE_OBJC_ARC = YES;
				CLANG_ENABLE_OBJC_WEAK = YES;
				CLANG_WARN_BLOCK_CAPTURE_AUTORELEASING = YES;
				CLANG_WARN_BOOL_CONVERSION = YES;
				CLANG_WARN_COMMA = YES;
				CLANG_WARN_CONSTANT_CONVERSION = YES;
				CLANG_WARN_DEPRECATED_OBJC_IMPLEMENTATIONS = YES;
				CLANG_WARN_DIRECT_OBJC_ISA_USAGE = YES_ERROR;
				CLANG_WARN_DOCUMENTATION_COMMENTS = YES;
				CLANG_WARN_EMPTY_BODY = YES;
				CLANG_WARN_ENUM_CONVERSION = YES;
				CLANG_WARN_INFINITE_RECURSION = YES;
				CLANG_WARN_INT_CONVERSION = YES;
				CLANG_WARN_NON_LITERAL_NULL_CONVERSION = YES;
				CLANG_WARN_OBJC_IMPLICIT_RETAIN_SELF = YES;
				CLANG_WARN_OBJC_LITERAL_CONVERSION = YES;
				CLANG_WARN_OBJC_ROOT_CLASS = YES_ERROR;
				CLANG_WARN_QUOTED_INCLUDE_IN_FRAMEWORK_HEADER = YES;
				CLANG_WARN_RANGE_LOOP_ANALYSIS = YES;
				CLANG_WARN_STRICT_PROTOTYPES = YES;
				CLANG_WARN_SUSPICIOUS_MOVE = YES;
				CLANG_WARN_UNGUARDED_AVAILABILITY = YES_AGGRESSIVE;
				CLANG_WARN_UNREACHABLE_CODE = YES;
				CLANG_WARN__DUPLICATE_METHOD_MATCH = YES;
				COPY_PHASE_STRIP = NO;
				CURRENT_PROJECT_VERSION = 1;
				DEBUG_INFORMATION_FORMAT = dwarf;
				ENABLE_STRICT_OBJC_MSGSEND = YES;
				ENABLE_TESTABILITY = YES;
				ENABLE_USER_SCRIPT_SANDBOXING = YES;
				GCC_C_LANGUAGE_STANDARD = gnu17;
				GCC_DYNAMIC_NO_PIC = NO;
				GCC_NO_COMMON_BLOCKS = YES;
				GCC_OPTIMIZATION_LEVEL = 0;
				GCC_PREPROCESSOR_DEFINITIONS = (
					"DEBUG=1",
					"$(inherited)",
				);
				GCC_WARN_64_TO_32_BIT_CONVERSION = YES;
				GCC_WARN_ABOUT_RETURN_TYPE = YES_ERROR;
				GCC_WARN_UNDECLARED_SELECTOR = YES;
				GCC_WARN_UNINITIALIZED_AUTOS = YES_AGGRESSIVE;
				GCC_WARN_UNUSED_FUNCTION = YES;
				GCC_WARN_UNUSED_VARIABLE = YES;
				IPHONEOS_DEPLOYMENT_TARGET = 17.0;
				LOCALIZATION_PREFERS_STRING_CATALOGS = YES;
				MTL_ENABLE_DEBUG_INFO = INCLUDE_SOURCE;
				MTL_FAST_MATH = YES;
				ONLY_ACTIVE_ARCH = YES;
				SDKROOT = iphoneos;
				SWIFT_ACTIVE_COMPILATION_CONDITIONS = "DEBUG $(inherited)";
				SWIFT_OPTIMIZATION_LEVEL = "-Onone";
				VERSIONING_SYSTEM = "apple-generic";
				VERSION_INFO_PREFIX = "";
			};
			name = Debug;
		};
		9F046DBD2BA3EA400075D299 /* Release */ = {
			isa = XCBuildConfiguration;
			buildSettings = {
				ALWAYS_SEARCH_USER_PATHS = NO;
				ASSETCATALOG_COMPILER_GENERATE_SWIFT_ASSET_SYMBOL_EXTENSIONS = YES;
				CLANG_ANALYZER_NONNULL = YES;
				CLANG_ANALYZER_NUMBER_OBJECT_CONVERSION = YES_AGGRESSIVE;
				CLANG_CXX_LANGUAGE_STANDARD = "gnu++20";
				CLANG_ENABLE_MODULES = YES;
				CLANG_ENABLE_OBJC_ARC = YES;
				CLANG_ENABLE_OBJC_WEAK = YES;
				CLANG_WARN_BLOCK_CAPTURE_AUTORELEASING = YES;
				CLANG_WARN_BOOL_CONVERSION = YES;
				CLANG_WARN_COMMA = YES;
				CLANG_WARN_CONSTANT_CONVERSION = YES;
				CLANG_WARN_DEPRECATED_OBJC_IMPLEMENTATIONS = YES;
				CLANG_WARN_DIRECT_OBJC_ISA_USAGE = YES_ERROR;
				CLANG_WARN_DOCUMENTATION_COMMENTS = YES;
				CLANG_WARN_EMPTY_BODY = YES;
				CLANG_WARN_ENUM_CONVERSION = YES;
				CLANG_WARN_INFINITE_RECURSION = YES;
				CLANG_WARN_INT_CONVERSION = YES;
				CLANG_WARN_NON_LITERAL_NULL_CONVERSION = YES;
				CLANG_WARN_OBJC_IMPLICIT_RETAIN_SELF = YES;
				CLANG_WARN_OBJC_LITERAL_CONVERSION = YES;
				CLANG_WARN_OBJC_ROOT_CLASS = YES_ERROR;
				CLANG_WARN_QUOTED_INCLUDE_IN_FRAMEWORK_HEADER = YES;
				CLANG_WARN_RANGE_LOOP_ANALYSIS = YES;
				CLANG_WARN_STRICT_PROTOTYPES = YES;
				CLANG_WARN_SUSPICIOUS_MOVE = YES;
				CLANG_WARN_UNGUARDED_AVAILABILITY = YES_AGGRESSIVE;
				CLANG_WARN_UNREACHABLE_CODE = YES;
				CLANG_WARN__DUPLICATE_METHOD_MATCH = YES;
				COPY_PHASE_STRIP = NO;
				CURRENT_PROJECT_VERSION = 1;
				DEBUG_INFORMATION_FORMAT = "dwarf-with-dsym";
				ENABLE_NS_ASSERTIONS = NO;
				ENABLE_STRICT_OBJC_MSGSEND = YES;
				ENABLE_USER_SCRIPT_SANDBOXING = YES;
				GCC_C_LANGUAGE_STANDARD = gnu17;
				GCC_NO_COMMON_BLOCKS = YES;
				GCC_WARN_64_TO_32_BIT_CONVERSION = YES;
				GCC_WARN_ABOUT_RETURN_TYPE = YES_ERROR;
				GCC_WARN_UNDECLARED_SELECTOR = YES;
				GCC_WARN_UNINITIALIZED_AUTOS = YES_AGGRESSIVE;
				GCC_WARN_UNUSED_FUNCTION = YES;
				GCC_WARN_UNUSED_VARIABLE = YES;
				IPHONEOS_DEPLOYMENT_TARGET = 17.0;
				LOCALIZATION_PREFERS_STRING_CATALOGS = YES;
				MTL_ENABLE_DEBUG_INFO = NO;
				MTL_FAST_MATH = YES;
				SDKROOT = iphoneos;
				SWIFT_COMPILATION_MODE = wholemodule;
				VALIDATE_PRODUCT = YES;
				VERSIONING_SYSTEM = "apple-generic";
				VERSION_INFO_PREFIX = "";
			};
			name = Release;
		};
		9F046DBF2BA3EA400075D299 /* Debug */ = {
			isa = XCBuildConfiguration;
			baseConfigurationReference = 5B7C664E33EBAB198D8F451B /* Pods-testui.debug.xcconfig */;
			buildSettings = {
				BUILD_LIBRARY_FOR_DISTRIBUTION = YES;
				CLANG_ENABLE_MODULES = YES;
				CODE_SIGN_STYLE = Automatic;
				CURRENT_PROJECT_VERSION = 1;
				DEFINES_MODULE = YES;
				DEVELOPMENT_TEAM = 8M6V2J3DV7;
				DYLIB_COMPATIBILITY_VERSION = 1;
				DYLIB_CURRENT_VERSION = 1;
				DYLIB_INSTALL_NAME_BASE = "@rpath";
				ENABLE_MODULE_VERIFIER = YES;
				GENERATE_INFOPLIST_FILE = YES;
				INFOPLIST_KEY_NSHumanReadableCopyright = "";
				INSTALL_PATH = "$(LOCAL_LIBRARY_DIR)/Frameworks";
				LD_RUNPATH_SEARCH_PATHS = (
					"$(inherited)",
					"@executable_path/Frameworks",
					"@loader_path/Frameworks",
				);
				MARKETING_VERSION = 1.0;
				MODULE_VERIFIER_SUPPORTED_LANGUAGES = "objective-c objective-c++";
				MODULE_VERIFIER_SUPPORTED_LANGUAGE_STANDARDS = "gnu17 gnu++20";
				PRODUCT_BUNDLE_IDENTIFIER = com.momo.testui.testui;
				PRODUCT_NAME = "$(TARGET_NAME:c99extidentifier)";
				SKIP_INSTALL = NO;
				SWIFT_EMIT_LOC_STRINGS = YES;
				SWIFT_OPTIMIZATION_LEVEL = "-Onone";
				SWIFT_VERSION = 5.0;
				TARGETED_DEVICE_FAMILY = "1,2";
				VALIDATE_PRODUCT = YES;
			};
			name = Debug;
		};
		9F046DC02BA3EA400075D299 /* Release */ = {
			isa = XCBuildConfiguration;
			baseConfigurationReference = F58457CEC2DA8F096DCE21E2 /* Pods-testui.release.xcconfig */;
			buildSettings = {
				BUILD_LIBRARY_FOR_DISTRIBUTION = YES;
				CLANG_ENABLE_MODULES = YES;
				CODE_SIGN_STYLE = Automatic;
				CURRENT_PROJECT_VERSION = 1;
				DEFINES_MODULE = YES;
				DEVELOPMENT_TEAM = 8M6V2J3DV7;
				DYLIB_COMPATIBILITY_VERSION = 1;
				DYLIB_CURRENT_VERSION = 1;
				DYLIB_INSTALL_NAME_BASE = "@rpath";
				ENABLE_MODULE_VERIFIER = YES;
				GENERATE_INFOPLIST_FILE = YES;
				INFOPLIST_KEY_NSHumanReadableCopyright = "";
				INSTALL_PATH = "$(LOCAL_LIBRARY_DIR)/Frameworks";
				LD_RUNPATH_SEARCH_PATHS = (
					"$(inherited)",
					"@executable_path/Frameworks",
					"@loader_path/Frameworks",
				);
				MARKETING_VERSION = 1.0;
				MODULE_VERIFIER_SUPPORTED_LANGUAGES = "objective-c objective-c++";
				MODULE_VERIFIER_SUPPORTED_LANGUAGE_STANDARDS = "gnu17 gnu++20";
				PRODUCT_BUNDLE_IDENTIFIER = com.momo.testui.testui;
				PRODUCT_NAME = "$(TARGET_NAME:c99extidentifier)";
				SKIP_INSTALL = NO;
				SWIFT_EMIT_LOC_STRINGS = YES;
				SWIFT_VERSION = 5.0;
				TARGETED_DEVICE_FAMILY = "1,2";
			};
			name = Release;
		};
/* End XCBuildConfiguration section */

/* Begin XCConfigurationList section */
		9F046DB12BA3EA3F0075D299 /* Build configuration list for PBXProject "testui" */ = {
			isa = XCConfigurationList;
			buildConfigurations = (
				9F046DBC2BA3EA400075D299 /* Debug */,
				9F046DBD2BA3EA400075D299 /* Release */,
			);
			defaultConfigurationIsVisible = 0;
			defaultConfigurationName = Release;
		};
		9F046DBE2BA3EA400075D299 /* Build configuration list for PBXNativeTarget "testui" */ = {
			isa = XCConfigurationList;
			buildConfigurations = (
				9F046DBF2BA3EA400075D299 /* Debug */,
				9F046DC02BA3EA400075D299 /* Release */,
			);
			defaultConfigurationIsVisible = 0;
			defaultConfigurationName = Release;
		};
/* End XCConfigurationList section */
	};
	rootObject = 9F046DAE2BA3EA3F0075D299 /* Project object */;
}
